
Microsoft Visual Studio Solution File, Format Version 12.00
# Visual Studio Version 16
VisualStudioVersion = 16.0.28822.285
MinimumVisualStudioVersion = 10.0.40219.1
Project("{FAE04EC0-301F-11D3-BF4B-00C04F79EFBC}") = "Desktop", "Desktop\Desktop.csproj", "{D9203188-0866-4E5F-9725-E86211176BEB}"
EndProject
Project("{9A19103F-16F7-4668-BE54-9A1E7A4F7556}") = "API", "API\API.csproj", "{69BA1648-1FBF-4904-8646-C0307A924F2B}"
EndProject
Project("{FAE04EC0-301F-11D3-BF4B-00C04F79EFBC}") = "Common", "Common\Common.csproj", "{91CCFA6E-BBF2-4ADF-9B5A-EBE964993F61}"
EndProject
Global
	GlobalSection(SolutionConfigurationPlatforms) = preSolution
		Debug|Any CPU = Debug|Any CPU
		Release|Any CPU = Release|Any CPU
	EndGlobalSection
	GlobalSection(ProjectConfigurationPlatforms) = postSolution
		{D9203188-0866-4E5F-9725-E86211176BEB}.Debug|Any CPU.ActiveCfg = Debug|Any CPU
		{D9203188-0866-4E5F-9725-E86211176BEB}.Debug|Any CPU.Build.0 = Debug|Any CPU
		{D9203188-0866-4E5F-9725-E86211176BEB}.Release|Any CPU.ActiveCfg = Release|Any CPU
		{D9203188-0866-4E5F-9725-E86211176BEB}.Release|Any CPU.Build.0 = Release|Any CPU
		{69BA1648-1FBF-4904-8646-C0307A924F2B}.Debug|Any CPU.ActiveCfg = Debug|Any CPU
		{69BA1648-1FBF-4904-8646-C0307A924F2B}.Debug|Any CPU.Build.0 = Debug|Any CPU
		{69BA1648-1FBF-4904-8646-C0307A924F2B}.Release|Any CPU.ActiveCfg = Release|Any CPU
		{69BA1648-1FBF-4904-8646-C0307A924F2B}.Release|Any CPU.Build.0 = Release|Any CPU
		{91CCFA6E-BBF2-4ADF-9B5A-EBE964993F61}.Debug|Any CPU.ActiveCfg = Debug|Any CPU
		{91CCFA6E-BBF2-4ADF-9B5A-EBE964993F61}.Debug|Any CPU.Build.0 = Debug|Any CPU
		{91CCFA6E-BBF2-4ADF-9B5A-EBE964993F61}.Release|Any CPU.ActiveCfg = Release|Any CPU
		{91CCFA6E-BBF2-4ADF-9B5A-EBE964993F61}.Release|Any CPU.Build.0 = Release|Any CPU
	EndGlobalSection
	GlobalSection(SolutionProperties) = preSolution
		HideSolutionNode = FALSE
	EndGlobalSection
	GlobalSection(ExtensibilityGlobals) = postSolution
		SolutionGuid = {B5DE29E5-5F7B-4588-A9B9-8B42424F1BE1}
	EndGlobalSection
EndGlobal
